
Microsoft Visual Studio Solution File, Format Version 11.00
# Visual Studio 2010
Project("{FAE04EC0-301F-11D3-BF4B-00C04F79EFBC}") = "CSF.Validation.Abstractions", "CSF.Validation.Abstractions\CSF.Validation.Abstractions.csproj", "{BD382C21-4D6E-4F8B-9F42-30D44D9E0310}"
EndProject
Project("{FAE04EC0-301F-11D3-BF4B-00C04F79EFBC}") = "CSF.Validation.Tests", "CSF.Validation.Tests\CSF.Validation.Tests.csproj", "{904391C3-A05C-4E1D-87FB-B1E8BFCCFD12}"
EndProject
Project("{FAE04EC0-301F-11D3-BF4B-00C04F79EFBC}") = "CSF.Validation", "CSF.Validation\CSF.Validation.csproj", "{07CA0DD4-6E82-47BF-81BC-27BBFE67952E}"
EndProject
Project("{FAE04EC0-301F-11D3-BF4B-00C04F79EFBC}") = "CSF.Validation.Tests.SamplePlugin", "CSF.Validation.Tests.SamplePlugin\CSF.Validation.Tests.SamplePlugin.csproj", "{E304568E-C502-45E1-BF98-BDA7E7FD8EC8}"
EndProject
Project("{FAE04EC0-301F-11D3-BF4B-00C04F79EFBC}") = "CSF.Validation.StandardRules", "CSF.Validation.StandardRules\CSF.Validation.StandardRules.csproj", "{2E446822-D5AE-4374-8724-4519EB580D81}"
EndProject
Project("{FAE04EC0-301F-11D3-BF4B-00C04F79EFBC}") = "CSF.Validation.Documentation", "CSF.Validation.Documentation\CSF.Validation.Documentation.csproj", "{92B95B52-9B03-46B4-B6D8-4BD9D6C5B4A8}"
EndProject
Global
	GlobalSection(SolutionConfigurationPlatforms) = preSolution
		Debug|Any CPU = Debug|Any CPU
		Release|Any CPU = Release|Any CPU
	EndGlobalSection
	GlobalSection(ProjectConfigurationPlatforms) = postSolution
		{BD382C21-4D6E-4F8B-9F42-30D44D9E0310}.Debug|Any CPU.ActiveCfg = Debug|Any CPU
		{BD382C21-4D6E-4F8B-9F42-30D44D9E0310}.Debug|Any CPU.Build.0 = Debug|Any CPU
		{BD382C21-4D6E-4F8B-9F42-30D44D9E0310}.Release|Any CPU.ActiveCfg = Release|Any CPU
		{BD382C21-4D6E-4F8B-9F42-30D44D9E0310}.Release|Any CPU.Build.0 = Release|Any CPU
		{904391C3-A05C-4E1D-87FB-B1E8BFCCFD12}.Debug|Any CPU.ActiveCfg = Debug|Any CPU
		{904391C3-A05C-4E1D-87FB-B1E8BFCCFD12}.Debug|Any CPU.Build.0 = Debug|Any CPU
		{904391C3-A05C-4E1D-87FB-B1E8BFCCFD12}.Release|Any CPU.ActiveCfg = Release|Any CPU
		{904391C3-A05C-4E1D-87FB-B1E8BFCCFD12}.Release|Any CPU.Build.0 = Release|Any CPU
		{07CA0DD4-6E82-47BF-81BC-27BBFE67952E}.Debug|Any CPU.ActiveCfg = Debug|Any CPU
		{07CA0DD4-6E82-47BF-81BC-27BBFE67952E}.Debug|Any CPU.Build.0 = Debug|Any CPU
		{07CA0DD4-6E82-47BF-81BC-27BBFE67952E}.Release|Any CPU.ActiveCfg = Release|Any CPU
		{07CA0DD4-6E82-47BF-81BC-27BBFE67952E}.Release|Any CPU.Build.0 = Release|Any CPU
		{E304568E-C502-45E1-BF98-BDA7E7FD8EC8}.Debug|Any CPU.ActiveCfg = Debug|Any CPU
		{E304568E-C502-45E1-BF98-BDA7E7FD8EC8}.Debug|Any CPU.Build.0 = Debug|Any CPU
		{E304568E-C502-45E1-BF98-BDA7E7FD8EC8}.Release|Any CPU.ActiveCfg = Release|Any CPU
		{E304568E-C502-45E1-BF98-BDA7E7FD8EC8}.Release|Any CPU.Build.0 = Release|Any CPU
		{2E446822-D5AE-4374-8724-4519EB580D81}.Debug|Any CPU.ActiveCfg = Debug|Any CPU
		{2E446822-D5AE-4374-8724-4519EB580D81}.Debug|Any CPU.Build.0 = Debug|Any CPU
		{2E446822-D5AE-4374-8724-4519EB580D81}.Release|Any CPU.ActiveCfg = Release|Any CPU
		{2E446822-D5AE-4374-8724-4519EB580D81}.Release|Any CPU.Build.0 = Release|Any CPU
		{92B95B52-9B03-46B4-B6D8-4BD9D6C5B4A8}.Debug|Any CPU.ActiveCfg = Debug|Any CPU
		{92B95B52-9B03-46B4-B6D8-4BD9D6C5B4A8}.Debug|Any CPU.Build.0 = Debug|Any CPU
		{92B95B52-9B03-46B4-B6D8-4BD9D6C5B4A8}.Release|Any CPU.ActiveCfg = Release|Any CPU
		{92B95B52-9B03-46B4-B6D8-4BD9D6C5B4A8}.Release|Any CPU.Build.0 = Release|Any CPU
	EndGlobalSection
	GlobalSection(NestedProjects) = preSolution
	EndGlobalSection
EndGlobal
